{
  "projects": [
    {
      "projectId": "caTPwKxj5ZrD9LQ7DMdK4Z",
      "version": "3.14.0",
      "dependencies": {},
      "lang": "js",
      "fileLocks": [
        {
          "assetId": "caTPwKxj5ZrD9LQ7DMdK4Z",
          "type": "projectCss",
          "checksum": "5ec17907b444e5bfe21e4e6d853dfb8b"
        }
      ],
      "codegenVersion": "0.0.1"
    },
    {
      "projectId": "hjKYmYi6HMwK6TRyk7ew5R",
      "version": "6.14.0",
      "dependencies": {},
      "lang": "js",
      "fileLocks": [
        {
          "assetId": "hjKYmYi6HMwK6TRyk7ew5R",
          "type": "projectCss",
          "checksum": "b13deb4c3cdd2f5cb5b345dd63d08f8a"
        },
        {
          "assetId": "hjKYmYi6HMwK6TRyk7ew5R",
          "checksum": "812fdf26bc85a5e0d100a76859d3ee26",
          "type": "globalContexts"
        }
      ],
      "codegenVersion": "0.0.1"
    },
    {
      "projectId": "q81HoHETamUnN6docDuBYG",
      "version": "latest",
      "dependencies": {
        "hjKYmYi6HMwK6TRyk7ew5R": "6.14.0",
        "caTPwKxj5ZrD9LQ7DMdK4Z": "3.14.0"
      },
      "lang": "js",
      "fileLocks": [
        {
          "type": "globalVariant",
          "assetId": "Ry01v-SlMPFTj",
          "checksum": "fe93b1c898ac4ae1faf209673305ac59"
        },
        {
          "assetId": "q81HoHETamUnN6docDuBYG",
          "type": "projectCss",
          "checksum": "c64dbb29c8f8f503a7979e65ac1a3a44"
        },
        {
          "assetId": "q81HoHETamUnN6docDuBYG",
          "checksum": "1a9db052b7192472fdbcd5d284e52c5c",
          "type": "globalContexts"
        },
        {
          "type": "renderModule",
          "assetId": "BNMqc9OlnMFP",
          "checksum": "79f415da0ac7b4ba786c71c9d6fd7ee3"
        },
        {
          "type": "cssRules",
          "assetId": "BNMqc9OlnMFP",
          "checksum": "79f415da0ac7b4ba786c71c9d6fd7ee3"
        },
        {
          "type": "renderModule",
          "assetId": "WNfjecg9kIP",
          "checksum": "2b00145928f79fb64464cede51dac183"
        },
        {
          "type": "cssRules",
          "assetId": "WNfjecg9kIP",
          "checksum": "2b00145928f79fb64464cede51dac183"
        },
        {
          "type": "renderModule",
          "assetId": "ValCC7FDbx",
          "checksum": "680473e21b1fb07bff5f9ebc08523e54"
        },
        {
          "type": "cssRules",
          "assetId": "ValCC7FDbx",
          "checksum": "680473e21b1fb07bff5f9ebc08523e54"
        },
        {
          "type": "renderModule",
          "assetId": "5hjPTTFEdUE",
          "checksum": "7ad1c158aebc3e94bcafb3baf0a7ebd7"
        },
        {
          "type": "cssRules",
          "assetId": "5hjPTTFEdUE",
          "checksum": "7ad1c158aebc3e94bcafb3baf0a7ebd7"
        },
        {
          "type": "renderModule",
          "assetId": "XbrVA9Q5vk",
          "checksum": "25b4421e830cf17ee2a3cd072af2a923"
        },
        {
          "type": "cssRules",
          "assetId": "XbrVA9Q5vk",
          "checksum": "25b4421e830cf17ee2a3cd072af2a923"
        },
        {
          "type": "renderModule",
          "assetId": "EEmwoCi7Bj",
          "checksum": "25bc795e2a09d985f3383ed4c4fd1984"
        },
        {
          "type": "cssRules",
          "assetId": "EEmwoCi7Bj",
          "checksum": "25bc795e2a09d985f3383ed4c4fd1984"
        },
        {
          "type": "icon",
          "assetId": "FCQRss-iDqk",
          "checksum": "f73a1fad60ddc8717abc8c91f199ef85"
        },
        {
          "type": "icon",
          "assetId": "HjxXNamACUz",
          "checksum": "72533a4ae8efd6f6e83acf78717baf55"
        },
        {
          "type": "icon",
          "assetId": "SfCwwY7368b",
          "checksum": "e934a958659bc73cefdf1592e2662441"
        },
        {
          "type": "icon",
          "assetId": "m-gXbb4aUr",
          "checksum": "253d1a32fd21857af4e81687e2c6d505"
        },
        {
          "type": "image",
          "assetId": "2Do-S75EDXu",
          "checksum": "268b2577ec9a7f6874a9aefa53f50ac7"
        }
      ],
      "codegenVersion": "0.0.1"
    }
  ],
  "cliVersion": "0.1.242"
}
